
Microsoft Visual Studio Solution File, Format Version 12.00
# Visual Studio Version 17
VisualStudioVersion = 17.7.34221.43
MinimumVisualStudioVersion = 10.0.40219.1
Project("{9A19103F-16F7-4668-BE54-9A1E7A4F7556}") = "DataAccess", "Services\RestAPI\DataAccess\DataAccess.csproj", "{05872940-2A57-487E-BC5F-B2A7884F7DA4}"
EndProject
Project("{2150E333-8FDC-42A3-9474-1A3956D46DE8}") = "Services", "Services", "{50868B86-2658-4F74-92BA-CFB8B5561E1B}"
EndProject
Project("{2150E333-8FDC-42A3-9474-1A3956D46DE8}") = "RestAPI", "RestAPI", "{A53E016E-FC1D-4E49-A43A-193A9F7CB06B}"
EndProject
Project("{9A19103F-16F7-4668-BE54-9A1E7A4F7556}") = "Entities", "Services\RestAPI\Entities\Entities.csproj", "{6AC78E37-FF08-47E6-8CF7-79998C63EE58}"
EndProject
Project("{9A19103F-16F7-4668-BE54-9A1E7A4F7556}") = "Business", "Services\RestAPI\Business\Business.csproj", "{924ADF81-550A-4F9E-AF63-5651B4835B02}"
EndProject
Project("{9A19103F-16F7-4668-BE54-9A1E7A4F7556}") = "Core", "Services\RestAPI\Core\Core.csproj", "{B0BC1190-BDA0-4E23-85CE-A39C350CE9DF}"
EndProject
Project("{9A19103F-16F7-4668-BE54-9A1E7A4F7556}") = "WebAPI", "Services\RestAPI\WebAPI\WebAPI.csproj", "{AE17AB31-3E54-42CF-8554-E51F5BE6A456}"
EndProject
Project("{9A19103F-16F7-4668-BE54-9A1E7A4F7556}") = "APIGateway", "APIGateway\APIGateway.csproj", "{52A1FADB-9F3B-4244-B5B4-7351C2AA51F6}"
EndProject
Project("{2150E333-8FDC-42A3-9474-1A3956D46DE8}") = "Solution Items", "Solution Items", "{4070B815-8AB8-43A3-84E8-CA3EDBE94B43}"
	ProjectSection(SolutionItems) = preProject
		.gitignore = .gitignore
		docker-compose.yml = docker-compose.yml
	EndProjectSection
EndProject
Project("{2150E333-8FDC-42A3-9474-1A3956D46DE8}") = "NotificationAPI", "NotificationAPI", "{9750F613-D3BC-4D19-A541-24BB29632414}"
EndProject
Project("{9A19103F-16F7-4668-BE54-9A1E7A4F7556}") = "SocketServer", "Services\NotificationAPI\SocketServer\SocketServer.csproj", "{58713C8A-9310-4425-A073-2D7A8A87AC1A}"
EndProject
Project("{9A19103F-16F7-4668-BE54-9A1E7A4F7556}") = "SocketClient", "Services\NotificationAPI\SocketClient\SocketClient.csproj", "{D76E1AF8-E3FC-4908-BEEC-406CF0FE7077}"
EndProject
Project("{9A19103F-16F7-4668-BE54-9A1E7A4F7556}") = "Business", "Services\NotificationAPI\Business\Business.csproj", "{DC9B4B15-5F90-4920-9E29-FA0C44B73B36}"
EndProject
Project("{9A19103F-16F7-4668-BE54-9A1E7A4F7556}") = "Core", "Services\NotificationAPI\Core\Core.csproj", "{63374010-8856-4823-885D-C15179665C01}"
EndProject
Project("{9A19103F-16F7-4668-BE54-9A1E7A4F7556}") = "DataAccess", "Services\NotificationAPI\DataAccess\DataAccess.csproj", "{29B4FAA0-807B-4D24-87B1-41E58F657639}"
EndProject
Project("{9A19103F-16F7-4668-BE54-9A1E7A4F7556}") = "Entities", "Services\NotificationAPI\Entities\Entities.csproj", "{D596599C-D100-4F7B-847E-E1DDBADC9736}"
EndProject
Project("{9A19103F-16F7-4668-BE54-9A1E7A4F7556}") = "WebAPI", "Services\NotificationAPI\WebAPI\WebAPI.csproj", "{6B403AC1-E5ED-4D96-8648-39B474C7E816}"
EndProject
Project("{2150E333-8FDC-42A3-9474-1A3956D46DE8}") = "AuthAPI", "AuthAPI", "{1AE262C4-1C1B-43AC-9AFE-D47AAE8D02D9}"
EndProject
Project("{FAE04EC0-301F-11D3-BF4B-00C04F79EFBC}") = "Business", "Services\AuthAPI\Business\Business.csproj", "{5E848713-BA8A-49F5-B2AE-3B34DA264721}"
EndProject
Project("{FAE04EC0-301F-11D3-BF4B-00C04F79EFBC}") = "Core", "Services\AuthAPI\Core\Core.csproj", "{DCCFBDC9-59DF-479D-AC59-AC3E940E3925}"
EndProject
Project("{FAE04EC0-301F-11D3-BF4B-00C04F79EFBC}") = "DataAccess", "Services\AuthAPI\DataAccess\DataAccess.csproj", "{D9F4E22C-6782-47E9-A87B-9CA90F678BBF}"
EndProject
Project("{FAE04EC0-301F-11D3-BF4B-00C04F79EFBC}") = "Entities", "Services\AuthAPI\Entities\Entities.csproj", "{1781906A-2A41-4FF8-9FA4-7413F674D085}"
EndProject
Project("{FAE04EC0-301F-11D3-BF4B-00C04F79EFBC}") = "WebAPI", "Services\AuthAPI\WebAPI\WebAPI.csproj", "{4533A874-28B8-4FB4-B663-E6E0001E8415}"
EndProject
Global
	GlobalSection(SolutionConfigurationPlatforms) = preSolution
		Debug|Any CPU = Debug|Any CPU
		Release|Any CPU = Release|Any CPU
	EndGlobalSection
	GlobalSection(ProjectConfigurationPlatforms) = postSolution
		{05872940-2A57-487E-BC5F-B2A7884F7DA4}.Debug|Any CPU.ActiveCfg = Debug|Any CPU
		{05872940-2A57-487E-BC5F-B2A7884F7DA4}.Release|Any CPU.ActiveCfg = Release|Any CPU
		{05872940-2A57-487E-BC5F-B2A7884F7DA4}.Release|Any CPU.Build.0 = Release|Any CPU
		{6AC78E37-FF08-47E6-8CF7-79998C63EE58}.Debug|Any CPU.ActiveCfg = Debug|Any CPU
		{6AC78E37-FF08-47E6-8CF7-79998C63EE58}.Release|Any CPU.ActiveCfg = Release|Any CPU
		{6AC78E37-FF08-47E6-8CF7-79998C63EE58}.Release|Any CPU.Build.0 = Release|Any CPU
		{924ADF81-550A-4F9E-AF63-5651B4835B02}.Debug|Any CPU.ActiveCfg = Debug|Any CPU
		{924ADF81-550A-4F9E-AF63-5651B4835B02}.Release|Any CPU.ActiveCfg = Release|Any CPU
		{924ADF81-550A-4F9E-AF63-5651B4835B02}.Release|Any CPU.Build.0 = Release|Any CPU
		{B0BC1190-BDA0-4E23-85CE-A39C350CE9DF}.Debug|Any CPU.ActiveCfg = Debug|Any CPU
		{B0BC1190-BDA0-4E23-85CE-A39C350CE9DF}.Release|Any CPU.ActiveCfg = Release|Any CPU
		{B0BC1190-BDA0-4E23-85CE-A39C350CE9DF}.Release|Any CPU.Build.0 = Release|Any CPU
		{AE17AB31-3E54-42CF-8554-E51F5BE6A456}.Debug|Any CPU.ActiveCfg = Debug|Any CPU
		{AE17AB31-3E54-42CF-8554-E51F5BE6A456}.Release|Any CPU.ActiveCfg = Release|Any CPU
		{AE17AB31-3E54-42CF-8554-E51F5BE6A456}.Release|Any CPU.Build.0 = Release|Any CPU
		{52A1FADB-9F3B-4244-B5B4-7351C2AA51F6}.Debug|Any CPU.ActiveCfg = Debug|Any CPU
		{52A1FADB-9F3B-4244-B5B4-7351C2AA51F6}.Release|Any CPU.ActiveCfg = Release|Any CPU
		{52A1FADB-9F3B-4244-B5B4-7351C2AA51F6}.Release|Any CPU.Build.0 = Release|Any CPU
		{58713C8A-9310-4425-A073-2D7A8A87AC1A}.Debug|Any CPU.ActiveCfg = Debug|Any CPU
		{58713C8A-9310-4425-A073-2D7A8A87AC1A}.Debug|Any CPU.Build.0 = Debug|Any CPU
		{58713C8A-9310-4425-A073-2D7A8A87AC1A}.Release|Any CPU.ActiveCfg = Release|Any CPU
		{58713C8A-9310-4425-A073-2D7A8A87AC1A}.Release|Any CPU.Build.0 = Release|Any CPU
		{D76E1AF8-E3FC-4908-BEEC-406CF0FE7077}.Debug|Any CPU.ActiveCfg = Debug|Any CPU
		{D76E1AF8-E3FC-4908-BEEC-406CF0FE7077}.Debug|Any CPU.Build.0 = Debug|Any CPU
		{D76E1AF8-E3FC-4908-BEEC-406CF0FE7077}.Release|Any CPU.ActiveCfg = Release|Any CPU
		{D76E1AF8-E3FC-4908-BEEC-406CF0FE7077}.Release|Any CPU.Build.0 = Release|Any CPU
		{DC9B4B15-5F90-4920-9E29-FA0C44B73B36}.Debug|Any CPU.ActiveCfg = Debug|Any CPU
		{DC9B4B15-5F90-4920-9E29-FA0C44B73B36}.Debug|Any CPU.Build.0 = Debug|Any CPU
		{DC9B4B15-5F90-4920-9E29-FA0C44B73B36}.Release|Any CPU.ActiveCfg = Release|Any CPU
		{DC9B4B15-5F90-4920-9E29-FA0C44B73B36}.Release|Any CPU.Build.0 = Release|Any CPU
		{63374010-8856-4823-885D-C15179665C01}.Debug|Any CPU.ActiveCfg = Debug|Any CPU
		{63374010-8856-4823-885D-C15179665C01}.Debug|Any CPU.Build.0 = Debug|Any CPU
		{63374010-8856-4823-885D-C15179665C01}.Release|Any CPU.ActiveCfg = Release|Any CPU
		{63374010-8856-4823-885D-C15179665C01}.Release|Any CPU.Build.0 = Release|Any CPU
		{29B4FAA0-807B-4D24-87B1-41E58F657639}.Debug|Any CPU.ActiveCfg = Debug|Any CPU
		{29B4FAA0-807B-4D24-87B1-41E58F657639}.Debug|Any CPU.Build.0 = Debug|Any CPU
		{29B4FAA0-807B-4D24-87B1-41E58F657639}.Release|Any CPU.ActiveCfg = Release|Any CPU
		{29B4FAA0-807B-4D24-87B1-41E58F657639}.Release|Any CPU.Build.0 = Release|Any CPU
		{D596599C-D100-4F7B-847E-E1DDBADC9736}.Debug|Any CPU.ActiveCfg = Debug|Any CPU
		{D596599C-D100-4F7B-847E-E1DDBADC9736}.Debug|Any CPU.Build.0 = Debug|Any CPU
		{D596599C-D100-4F7B-847E-E1DDBADC9736}.Release|Any CPU.ActiveCfg = Release|Any CPU
		{D596599C-D100-4F7B-847E-E1DDBADC9736}.Release|Any CPU.Build.0 = Release|Any CPU
		{6B403AC1-E5ED-4D96-8648-39B474C7E816}.Debug|Any CPU.ActiveCfg = Debug|Any CPU
		{6B403AC1-E5ED-4D96-8648-39B474C7E816}.Debug|Any CPU.Build.0 = Debug|Any CPU
		{6B403AC1-E5ED-4D96-8648-39B474C7E816}.Release|Any CPU.ActiveCfg = Release|Any CPU
		{6B403AC1-E5ED-4D96-8648-39B474C7E816}.Release|Any CPU.Build.0 = Release|Any CPU
		{5E848713-BA8A-49F5-B2AE-3B34DA264721}.Debug|Any CPU.ActiveCfg = Debug|Any CPU
		{5E848713-BA8A-49F5-B2AE-3B34DA264721}.Debug|Any CPU.Build.0 = Debug|Any CPU
		{5E848713-BA8A-49F5-B2AE-3B34DA264721}.Release|Any CPU.ActiveCfg = Release|Any CPU
		{5E848713-BA8A-49F5-B2AE-3B34DA264721}.Release|Any CPU.Build.0 = Release|Any CPU
		{DCCFBDC9-59DF-479D-AC59-AC3E940E3925}.Debug|Any CPU.ActiveCfg = Debug|Any CPU
		{DCCFBDC9-59DF-479D-AC59-AC3E940E3925}.Debug|Any CPU.Build.0 = Debug|Any CPU
		{DCCFBDC9-59DF-479D-AC59-AC3E940E3925}.Release|Any CPU.ActiveCfg = Release|Any CPU
		{DCCFBDC9-59DF-479D-AC59-AC3E940E3925}.Release|Any CPU.Build.0 = Release|Any CPU
		{D9F4E22C-6782-47E9-A87B-9CA90F678BBF}.Debug|Any CPU.ActiveCfg = Debug|Any CPU
		{D9F4E22C-6782-47E9-A87B-9CA90F678BBF}.Debug|Any CPU.Build.0 = Debug|Any CPU
		{D9F4E22C-6782-47E9-A87B-9CA90F678BBF}.Release|Any CPU.ActiveCfg = Release|Any CPU
		{D9F4E22C-6782-47E9-A87B-9CA90F678BBF}.Release|Any CPU.Build.0 = Release|Any CPU
		{1781906A-2A41-4FF8-9FA4-7413F674D085}.Debug|Any CPU.ActiveCfg = Debug|Any CPU
		{1781906A-2A41-4FF8-9FA4-7413F674D085}.Debug|Any CPU.Build.0 = Debug|Any CPU
		{1781906A-2A41-4FF8-9FA4-7413F674D085}.Release|Any CPU.ActiveCfg = Release|Any CPU
		{1781906A-2A41-4FF8-9FA4-7413F674D085}.Release|Any CPU.Build.0 = Release|Any CPU
		{4533A874-28B8-4FB4-B663-E6E0001E8415}.Debug|Any CPU.ActiveCfg = Debug|Any CPU
		{4533A874-28B8-4FB4-B663-E6E0001E8415}.Debug|Any CPU.Build.0 = Debug|Any CPU
		{4533A874-28B8-4FB4-B663-E6E0001E8415}.Release|Any CPU.ActiveCfg = Release|Any CPU
		{4533A874-28B8-4FB4-B663-E6E0001E8415}.Release|Any CPU.Build.0 = Release|Any CPU
	EndGlobalSection
	GlobalSection(SolutionProperties) = preSolution
		HideSolutionNode = FALSE
	EndGlobalSection
	GlobalSection(NestedProjects) = preSolution
		{05872940-2A57-487E-BC5F-B2A7884F7DA4} = {A53E016E-FC1D-4E49-A43A-193A9F7CB06B}
		{A53E016E-FC1D-4E49-A43A-193A9F7CB06B} = {50868B86-2658-4F74-92BA-CFB8B5561E1B}
		{6AC78E37-FF08-47E6-8CF7-79998C63EE58} = {A53E016E-FC1D-4E49-A43A-193A9F7CB06B}
		{924ADF81-550A-4F9E-AF63-5651B4835B02} = {A53E016E-FC1D-4E49-A43A-193A9F7CB06B}
		{B0BC1190-BDA0-4E23-85CE-A39C350CE9DF} = {A53E016E-FC1D-4E49-A43A-193A9F7CB06B}
		{AE17AB31-3E54-42CF-8554-E51F5BE6A456} = {A53E016E-FC1D-4E49-A43A-193A9F7CB06B}
		{9750F613-D3BC-4D19-A541-24BB29632414} = {50868B86-2658-4F74-92BA-CFB8B5561E1B}
		{58713C8A-9310-4425-A073-2D7A8A87AC1A} = {9750F613-D3BC-4D19-A541-24BB29632414}
		{D76E1AF8-E3FC-4908-BEEC-406CF0FE7077} = {9750F613-D3BC-4D19-A541-24BB29632414}
		{DC9B4B15-5F90-4920-9E29-FA0C44B73B36} = {9750F613-D3BC-4D19-A541-24BB29632414}
		{63374010-8856-4823-885D-C15179665C01} = {9750F613-D3BC-4D19-A541-24BB29632414}
		{29B4FAA0-807B-4D24-87B1-41E58F657639} = {9750F613-D3BC-4D19-A541-24BB29632414}
		{D596599C-D100-4F7B-847E-E1DDBADC9736} = {9750F613-D3BC-4D19-A541-24BB29632414}
		{6B403AC1-E5ED-4D96-8648-39B474C7E816} = {9750F613-D3BC-4D19-A541-24BB29632414}
		{1AE262C4-1C1B-43AC-9AFE-D47AAE8D02D9} = {50868B86-2658-4F74-92BA-CFB8B5561E1B}
		{5E848713-BA8A-49F5-B2AE-3B34DA264721} = {1AE262C4-1C1B-43AC-9AFE-D47AAE8D02D9}
		{DCCFBDC9-59DF-479D-AC59-AC3E940E3925} = {1AE262C4-1C1B-43AC-9AFE-D47AAE8D02D9}
		{D9F4E22C-6782-47E9-A87B-9CA90F678BBF} = {1AE262C4-1C1B-43AC-9AFE-D47AAE8D02D9}
		{1781906A-2A41-4FF8-9FA4-7413F674D085} = {1AE262C4-1C1B-43AC-9AFE-D47AAE8D02D9}
		{4533A874-28B8-4FB4-B663-E6E0001E8415} = {1AE262C4-1C1B-43AC-9AFE-D47AAE8D02D9}
	EndGlobalSection
	GlobalSection(ExtensibilityGlobals) = postSolution
		SolutionGuid = {B873400C-8FD8-498D-ADDA-BB311F30F81F}
	EndGlobalSection
EndGlobal
